// !$*UTF8*$!
{
	archiveVersion = 1;
	classes = {
	};
	objectVersion = 50;
	objects = {

/* Begin PBXBuildFile section */
		22E70E206778F58EC24CC16C /* Pods_MMPlayerTests.framework in Frameworks */ = {isa = PBXBuildFile; fileRef = 85A4C4DDCE95AAA38A68F822 /* Pods_MMPlayerTests.framework */; };
		9421E1EC03D678C43F707905 /* Pods_MMPlayerUITests.framework in Frameworks */ = {isa = PBXBuildFile; fileRef = B4EC6B77C07E6B7A84491FBE /* Pods_MMPlayerUITests.framework */; };
		AA293BFAA0FF9BAD7D86EAF2 /* Pods_MMPlayer.framework in Frameworks */ = {isa = PBXBuildFile; fileRef = B731031DBA95A3E9F34F0C5E /* Pods_MMPlayer.framework */; };
		B40480A2230303A70040B755 /* AppDelegate.swift in Sources */ = {isa = PBXBuildFile; fileRef = B40480A1230303A70040B755 /* AppDelegate.swift */; };
		B40480A6230303A90040B755 /* Assets.xcassets in Resources */ = {isa = PBXBuildFile; fileRef = B40480A5230303A90040B755 /* Assets.xcassets */; };
		B40480B5230303A90040B755 /* MMPlayerTests.swift in Sources */ = {isa = PBXBuildFile; fileRef = B40480B4230303A90040B755 /* MMPlayerTests.swift */; };
		B40480C0230303A90040B755 /* MMPlayerUITests.swift in Sources */ = {isa = PBXBuildFile; fileRef = B40480BF230303A90040B755 /* MMPlayerUITests.swift */; };
		B41F932F23E5242F00BBA11D /* MMBaseTableViewController.swift in Sources */ = {isa = PBXBuildFile; fileRef = B41F932E23E5242F00BBA11D /* MMBaseTableViewController.swift */; };
		B41F933123E52BFE00BBA11D /* MMHomeViewController.swift in Sources */ = {isa = PBXBuildFile; fileRef = B41F933023E52BFE00BBA11D /* MMHomeViewController.swift */; };
		B41F933323E5360700BBA11D /* Main.storyboard in Resources */ = {isa = PBXBuildFile; fileRef = B41F933223E5360700BBA11D /* Main.storyboard */; };
		B41F933523E537BF00BBA11D /* Info.plist in Resources */ = {isa = PBXBuildFile; fileRef = B41F933423E537BF00BBA11D /* Info.plist */; };
		B471A01023234DF000E38679 /* MMPlayerModel.swift in Sources */ = {isa = PBXBuildFile; fileRef = B471A00F23234DF000E38679 /* MMPlayerModel.swift */; };
		B471A01323234EA700E38679 /* MMPlayerEnum.swift in Sources */ = {isa = PBXBuildFile; fileRef = B471A01223234EA700E38679 /* MMPlayerEnum.swift */; };
		DF1C8BC72305082C00A6125A /* UIAlert+Extension.swift in Sources */ = {isa = PBXBuildFile; fileRef = DF1C8BB72305082C00A6125A /* UIAlert+Extension.swift */; };
		DF1C8BC82305082C00A6125A /* UIView+Extension.swift in Sources */ = {isa = PBXBuildFile; fileRef = DF1C8BB82305082C00A6125A /* UIView+Extension.swift */; };
		DF1C8BC92305082C00A6125A /* UIKit+Extension.swift in Sources */ = {isa = PBXBuildFile; fileRef = DF1C8BB92305082C00A6125A /* UIKit+Extension.swift */; };
		DF1C8BCA2305082C00A6125A /* UIViewController+Extension.swift in Sources */ = {isa = PBXBuildFile; fileRef = DF1C8BBA2305082C00A6125A /* UIViewController+Extension.swift */; };
		DF1C8BCB2305082C00A6125A /* UIColor+MM_Extension.swift in Sources */ = {isa = PBXBuildFile; fileRef = DF1C8BBB2305082C00A6125A /* UIColor+MM_Extension.swift */; };
		DF1C8BCC2305082C00A6125A /* NSDate+MM_Extension.swift in Sources */ = {isa = PBXBuildFile; fileRef = DF1C8BBC2305082C00A6125A /* NSDate+MM_Extension.swift */; };
		DF1C8BCD2305082C00A6125A /* DispatchTime+MM_Extension.swift in Sources */ = {isa = PBXBuildFile; fileRef = DF1C8BBD2305082C00A6125A /* DispatchTime+MM_Extension.swift */; };
		DF1C8BCE2305082C00A6125A /* UIBarButtonItem+MM_Extension.swift in Sources */ = {isa = PBXBuildFile; fileRef = DF1C8BBE2305082C00A6125A /* UIBarButtonItem+MM_Extension.swift */; };
		DF1C8BCF2305082C00A6125A /* MQConstant.swift in Sources */ = {isa = PBXBuildFile; fileRef = DF1C8BC12305082C00A6125A /* MQConstant.swift */; };
		DF1C8BD02305082C00A6125A /* MQTabbarController.swift in Sources */ = {isa = PBXBuildFile; fileRef = DF1C8BC42305082C00A6125A /* MQTabbarController.swift */; };
		DF1C8BD12305082C00A6125A /* MQBaseViewController.swift in Sources */ = {isa = PBXBuildFile; fileRef = DF1C8BC52305082C00A6125A /* MQBaseViewController.swift */; };
		DF1C8BD22305082C00A6125A /* MQBaseNavigationViewController.swift in Sources */ = {isa = PBXBuildFile; fileRef = DF1C8BC62305082C00A6125A /* MQBaseNavigationViewController.swift */; };
		DF1C8BD523050E4200A6125A /* MPFileManager.swift in Sources */ = {isa = PBXBuildFile; fileRef = DF1C8BD423050E4200A6125A /* MPFileManager.swift */; };
/* End PBXBuildFile section */

/* Begin PBXContainerItemProxy section */
		B40480B1230303A90040B755 /* PBXContainerItemProxy */ = {
			isa = PBXContainerItemProxy;
			containerPortal = B4048096230303A70040B755 /* Project object */;
			proxyType = 1;
			remoteGlobalIDString = B404809D230303A70040B755;
			remoteInfo = MMPlayer;
		};
		B40480BC230303A90040B755 /* PBXContainerItemProxy */ = {
			isa = PBXContainerItemProxy;
			containerPortal = B4048096230303A70040B755 /* Project object */;
			proxyType = 1;
			remoteGlobalIDString = B404809D230303A70040B755;
			remoteInfo = MMPlayer;
		};
/* End PBXContainerItemProxy section */

/* Begin PBXFileReference section */
		1C85EBF07D0C671BED1557E5 /* Pods-MMPlayer.release.xcconfig */ = {isa = PBXFileReference; includeInIndex = 1; lastKnownFileType = text.xcconfig; name = "Pods-MMPlayer.release.xcconfig"; path = "Pods/Target Support Files/Pods-MMPlayer/Pods-MMPlayer.release.xcconfig"; sourceTree = "<group>"; };
		393BAD51E78DB8BF987E8515 /* Pods-MMPlayer.debug.xcconfig */ = {isa = PBXFileReference; includeInIndex = 1; lastKnownFileType = text.xcconfig; name = "Pods-MMPlayer.debug.xcconfig"; path = "Pods/Target Support Files/Pods-MMPlayer/Pods-MMPlayer.debug.xcconfig"; sourceTree = "<group>"; };
		85A4C4DDCE95AAA38A68F822 /* Pods_MMPlayerTests.framework */ = {isa = PBXFileReference; explicitFileType = wrapper.framework; includeInIndex = 0; path = Pods_MMPlayerTests.framework; sourceTree = BUILT_PRODUCTS_DIR; };
		933772F1AB1F5C5F0615EC25 /* Pods-MMPlayerTests.debug.xcconfig */ = {isa = PBXFileReference; includeInIndex = 1; lastKnownFileType = text.xcconfig; name = "Pods-MMPlayerTests.debug.xcconfig"; path = "Pods/Target Support Files/Pods-MMPlayerTests/Pods-MMPlayerTests.debug.xcconfig"; sourceTree = "<group>"; };
		B404809E230303A70040B755 /* MMPlayer.app */ = {isa = PBXFileReference; explicitFileType = wrapper.application; includeInIndex = 0; path = MMPlayer.app; sourceTree = BUILT_PRODUCTS_DIR; };
		B40480A1230303A70040B755 /* AppDelegate.swift */ = {isa = PBXFileReference; lastKnownFileType = sourcecode.swift; path = AppDelegate.swift; sourceTree = "<group>"; };
		B40480A5230303A90040B755 /* Assets.xcassets */ = {isa = PBXFileReference; lastKnownFileType = folder.assetcatalog; path = Assets.xcassets; sourceTree = "<group>"; };
		B40480AB230303A90040B755 /* MMPlayer.entitlements */ = {isa = PBXFileReference; lastKnownFileType = text.plist.entitlements; path = MMPlayer.entitlements; sourceTree = "<group>"; };
		B40480B0230303A90040B755 /* MMPlayerTests.xctest */ = {isa = PBXFileReference; explicitFileType = wrapper.cfbundle; includeInIndex = 0; path = MMPlayerTests.xctest; sourceTree = BUILT_PRODUCTS_DIR; };
		B40480B4230303A90040B755 /* MMPlayerTests.swift */ = {isa = PBXFileReference; lastKnownFileType = sourcecode.swift; path = MMPlayerTests.swift; sourceTree = "<group>"; };
		B40480B6230303A90040B755 /* Info.plist */ = {isa = PBXFileReference; lastKnownFileType = text.plist.xml; path = Info.plist; sourceTree = "<group>"; };
		B40480BB230303A90040B755 /* MMPlayerUITests.xctest */ = {isa = PBXFileReference; explicitFileType = wrapper.cfbundle; includeInIndex = 0; path = MMPlayerUITests.xctest; sourceTree = BUILT_PRODUCTS_DIR; };
		B40480BF230303A90040B755 /* MMPlayerUITests.swift */ = {isa = PBXFileReference; lastKnownFileType = sourcecode.swift; path = MMPlayerUITests.swift; sourceTree = "<group>"; };
		B40480C1230303A90040B755 /* Info.plist */ = {isa = PBXFileReference; lastKnownFileType = text.plist.xml; path = Info.plist; sourceTree = "<group>"; };
		B41F932E23E5242F00BBA11D /* MMBaseTableViewController.swift */ = {isa = PBXFileReference; lastKnownFileType = sourcecode.swift; path = MMBaseTableViewController.swift; sourceTree = "<group>"; };
		B41F933023E52BFE00BBA11D /* MMHomeViewController.swift */ = {isa = PBXFileReference; lastKnownFileType = sourcecode.swift; path = MMHomeViewController.swift; sourceTree = "<group>"; };
		B41F933223E5360700BBA11D /* Main.storyboard */ = {isa = PBXFileReference; lastKnownFileType = file.storyboard; path = Main.storyboard; sourceTree = "<group>"; };
		B41F933423E537BF00BBA11D /* Info.plist */ = {isa = PBXFileReference; fileEncoding = 4; lastKnownFileType = text.plist.xml; path = Info.plist; sourceTree = "<group>"; };
		B471A00F23234DF000E38679 /* MMPlayerModel.swift */ = {isa = PBXFileReference; lastKnownFileType = sourcecode.swift; path = MMPlayerModel.swift; sourceTree = "<group>"; };
		B471A01223234EA700E38679 /* MMPlayerEnum.swift */ = {isa = PBXFileReference; lastKnownFileType = sourcecode.swift; path = MMPlayerEnum.swift; sourceTree = "<group>"; };
		B4EC6B77C07E6B7A84491FBE /* Pods_MMPlayerUITests.framework */ = {isa = PBXFileReference; explicitFileType = wrapper.framework; includeInIndex = 0; path = Pods_MMPlayerUITests.framework; sourceTree = BUILT_PRODUCTS_DIR; };
		B731031DBA95A3E9F34F0C5E /* Pods_MMPlayer.framework */ = {isa = PBXFileReference; explicitFileType = wrapper.framework; includeInIndex = 0; path = Pods_MMPlayer.framework; sourceTree = BUILT_PRODUCTS_DIR; };
		BD4636E9DEE43B66BFA161CA /* Pods-MMPlayerUITests.release.xcconfig */ = {isa = PBXFileReference; includeInIndex = 1; lastKnownFileType = text.xcconfig; name = "Pods-MMPlayerUITests.release.xcconfig"; path = "Pods/Target Support Files/Pods-MMPlayerUITests/Pods-MMPlayerUITests.release.xcconfig"; sourceTree = "<group>"; };
		C475C4304073614586C34B79 /* Pods-MMPlayerUITests.debug.xcconfig */ = {isa = PBXFileReference; includeInIndex = 1; lastKnownFileType = text.xcconfig; name = "Pods-MMPlayerUITests.debug.xcconfig"; path = "Pods/Target Support Files/Pods-MMPlayerUITests/Pods-MMPlayerUITests.debug.xcconfig"; sourceTree = "<group>"; };
		D771EB70F649CEFDD0F50A00 /* Pods-MMPlayerTests.release.xcconfig */ = {isa = PBXFileReference; includeInIndex = 1; lastKnownFileType = text.xcconfig; name = "Pods-MMPlayerTests.release.xcconfig"; path = "Pods/Target Support Files/Pods-MMPlayerTests/Pods-MMPlayerTests.release.xcconfig"; sourceTree = "<group>"; };
		DF1C8BB72305082C00A6125A /* UIAlert+Extension.swift */ = {isa = PBXFileReference; fileEncoding = 4; lastKnownFileType = sourcecode.swift; path = "UIAlert+Extension.swift"; sourceTree = "<group>"; };
		DF1C8BB82305082C00A6125A /* UIView+Extension.swift */ = {isa = PBXFileReference; fileEncoding = 4; lastKnownFileType = sourcecode.swift; path = "UIView+Extension.swift"; sourceTree = "<group>"; };
		DF1C8BB92305082C00A6125A /* UIKit+Extension.swift */ = {isa = PBXFileReference; fileEncoding = 4; lastKnownFileType = sourcecode.swift; path = "UIKit+Extension.swift"; sourceTree = "<group>"; };
		DF1C8BBA2305082C00A6125A /* UIViewController+Extension.swift */ = {isa = PBXFileReference; fileEncoding = 4; lastKnownFileType = sourcecode.swift; path = "UIViewController+Extension.swift"; sourceTree = "<group>"; };
		DF1C8BBB2305082C00A6125A /* UIColor+MM_Extension.swift */ = {isa = PBXFileReference; fileEncoding = 4; lastKnownFileType = sourcecode.swift; path = "UIColor+MM_Extension.swift"; sourceTree = "<group>"; };
		DF1C8BBC2305082C00A6125A /* NSDate+MM_Extension.swift */ = {isa = PBXFileReference; fileEncoding = 4; lastKnownFileType = sourcecode.swift; path = "NSDate+MM_Extension.swift"; sourceTree = "<group>"; };
		DF1C8BBD2305082C00A6125A /* DispatchTime+MM_Extension.swift */ = {isa = PBXFileReference; fileEncoding = 4; lastKnownFileType = sourcecode.swift; path = "DispatchTime+MM_Extension.swift"; sourceTree = "<group>"; };
		DF1C8BBE2305082C00A6125A /* UIBarButtonItem+MM_Extension.swift */ = {isa = PBXFileReference; fileEncoding = 4; lastKnownFileType = sourcecode.swift; path = "UIBarButtonItem+MM_Extension.swift"; sourceTree = "<group>"; };
		DF1C8BC12305082C00A6125A /* MQConstant.swift */ = {isa = PBXFileReference; fileEncoding = 4; lastKnownFileType = sourcecode.swift; path = MQConstant.swift; sourceTree = "<group>"; };
		DF1C8BC42305082C00A6125A /* MQTabbarController.swift */ = {isa = PBXFileReference; fileEncoding = 4; lastKnownFileType = sourcecode.swift; path = MQTabbarController.swift; sourceTree = "<group>"; };
		DF1C8BC52305082C00A6125A /* MQBaseViewController.swift */ = {isa = PBXFileReference; fileEncoding = 4; lastKnownFileType = sourcecode.swift; path = MQBaseViewController.swift; sourceTree = "<group>"; };
		DF1C8BC62305082C00A6125A /* MQBaseNavigationViewController.swift */ = {isa = PBXFileReference; fileEncoding = 4; lastKnownFileType = sourcecode.swift; path = MQBaseNavigationViewController.swift; sourceTree = "<group>"; };
		DF1C8BD423050E4200A6125A /* MPFileManager.swift */ = {isa = PBXFileReference; lastKnownFileType = sourcecode.swift; path = MPFileManager.swift; sourceTree = "<group>"; };
/* End PBXFileReference section */

/* Begin PBXFrameworksBuildPhase section */
		B404809B230303A70040B755 /* Frameworks */ = {
			isa = PBXFrameworksBuildPhase;
			buildActionMask = 2147483647;
			files = (
				AA293BFAA0FF9BAD7D86EAF2 /* Pods_MMPlayer.framework in Frameworks */,
			);
			runOnlyForDeploymentPostprocessing = 0;
		};
		B40480AD230303A90040B755 /* Frameworks */ = {
			isa = PBXFrameworksBuildPhase;
			buildActionMask = 2147483647;
			files = (
				22E70E206778F58EC24CC16C /* Pods_MMPlayerTests.framework in Frameworks */,
			);
			runOnlyForDeploymentPostprocessing = 0;
		};
		B40480B8230303A90040B755 /* Frameworks */ = {
			isa = PBXFrameworksBuildPhase;
			buildActionMask = 2147483647;
			files = (
				9421E1EC03D678C43F707905 /* Pods_MMPlayerUITests.framework in Frameworks */,
			);
			runOnlyForDeploymentPostprocessing = 0;
		};
/* End PBXFrameworksBuildPhase section */

/* Begin PBXGroup section */
		AEC6A9C5959A8BA20EACBCAE /* Pods */ = {
			isa = PBXGroup;
			children = (
				393BAD51E78DB8BF987E8515 /* Pods-MMPlayer.debug.xcconfig */,
				1C85EBF07D0C671BED1557E5 /* Pods-MMPlayer.release.xcconfig */,
				933772F1AB1F5C5F0615EC25 /* Pods-MMPlayerTests.debug.xcconfig */,
				D771EB70F649CEFDD0F50A00 /* Pods-MMPlayerTests.release.xcconfig */,
				C475C4304073614586C34B79 /* Pods-MMPlayerUITests.debug.xcconfig */,
				BD4636E9DEE43B66BFA161CA /* Pods-MMPlayerUITests.release.xcconfig */,
			);
			name = Pods;
			sourceTree = "<group>";
		};
		B4048095230303A70040B755 = {
			isa = PBXGroup;
			children = (
				B40480A0230303A70040B755 /* MMPlayer */,
				B40480B3230303A90040B755 /* MMPlayerTests */,
				B40480BE230303A90040B755 /* MMPlayerUITests */,
				B404809F230303A70040B755 /* Products */,
				AEC6A9C5959A8BA20EACBCAE /* Pods */,
				B7536766FBF228B5697004C7 /* Frameworks */,
			);
			sourceTree = "<group>";
		};
		B404809F230303A70040B755 /* Products */ = {
			isa = PBXGroup;
			children = (
				B404809E230303A70040B755 /* MMPlayer.app */,
				B40480B0230303A90040B755 /* MMPlayerTests.xctest */,
				B40480BB230303A90040B755 /* MMPlayerUITests.xctest */,
			);
			name = Products;
			sourceTree = "<group>";
		};
		B40480A0230303A70040B755 /* MMPlayer */ = {
			isa = PBXGroup;
			children = (
				DF1C8BB52305082C00A6125A /* Class */,
				B40480A1230303A70040B755 /* AppDelegate.swift */,
				B41F933423E537BF00BBA11D /* Info.plist */,
				B40480A5230303A90040B755 /* Assets.xcassets */,
				B40480AB230303A90040B755 /* MMPlayer.entitlements */,
			);
			path = MMPlayer;
			sourceTree = "<group>";
		};
		B40480B3230303A90040B755 /* MMPlayerTests */ = {
			isa = PBXGroup;
			children = (
				B40480B4230303A90040B755 /* MMPlayerTests.swift */,
				B40480B6230303A90040B755 /* Info.plist */,
			);
			path = MMPlayerTests;
			sourceTree = "<group>";
		};
		B40480BE230303A90040B755 /* MMPlayerUITests */ = {
			isa = PBXGroup;
			children = (
				B40480BF230303A90040B755 /* MMPlayerUITests.swift */,
				B40480C1230303A90040B755 /* Info.plist */,
			);
			path = MMPlayerUITests;
			sourceTree = "<group>";
		};
		B41F932D23E523F200BBA11D /* Home */ = {
			isa = PBXGroup;
			children = (
				B41F933023E52BFE00BBA11D /* MMHomeViewController.swift */,
			);
			path = Home;
			sourceTree = "<group>";
		};
		B471A00E23234DD600E38679 /* Model */ = {
			isa = PBXGroup;
			children = (
				B471A00F23234DF000E38679 /* MMPlayerModel.swift */,
			);
			path = Model;
			sourceTree = "<group>";
		};
		B471A01123234E9800E38679 /* Enum */ = {
			isa = PBXGroup;
			children = (
				B471A01223234EA700E38679 /* MMPlayerEnum.swift */,
			);
			path = Enum;
			sourceTree = "<group>";
		};
		B7536766FBF228B5697004C7 /* Frameworks */ = {
			isa = PBXGroup;
			children = (
				B731031DBA95A3E9F34F0C5E /* Pods_MMPlayer.framework */,
				85A4C4DDCE95AAA38A68F822 /* Pods_MMPlayerTests.framework */,
				B4EC6B77C07E6B7A84491FBE /* Pods_MMPlayerUITests.framework */,
			);
			name = Frameworks;
			sourceTree = "<group>";
		};
		DF1C8BB52305082C00A6125A /* Class */ = {
			isa = PBXGroup;
			children = (
				B41F932D23E523F200BBA11D /* Home */,
				DF1C8BD323050E2600A6125A /* Component */,
				DF1C8BB62305082C00A6125A /* Extension */,
				DF1C8BBF2305082C00A6125A /* Common */,
				DF1C8BC22305082C00A6125A /* Main */,
				B41F933223E5360700BBA11D /* Main.storyboard */,
			);
			path = Class;
			sourceTree = "<group>";
		};
		DF1C8BB62305082C00A6125A /* Extension */ = {
			isa = PBXGroup;
			children = (
				DF1C8BB72305082C00A6125A /* UIAlert+Extension.swift */,
				DF1C8BB82305082C00A6125A /* UIView+Extension.swift */,
				DF1C8BB92305082C00A6125A /* UIKit+Extension.swift */,
				DF1C8BBA2305082C00A6125A /* UIViewController+Extension.swift */,
				DF1C8BBB2305082C00A6125A /* UIColor+MM_Extension.swift */,
				DF1C8BBC2305082C00A6125A /* NSDate+MM_Extension.swift */,
				DF1C8BBD2305082C00A6125A /* DispatchTime+MM_Extension.swift */,
				DF1C8BBE2305082C00A6125A /* UIBarButtonItem+MM_Extension.swift */,
			);
			path = Extension;
			sourceTree = "<group>";
		};
		DF1C8BBF2305082C00A6125A /* Common */ = {
			isa = PBXGroup;
			children = (
				B471A01123234E9800E38679 /* Enum */,
				DF1C8BC02305082C00A6125A /* Constant */,
			);
			path = Common;
			sourceTree = "<group>";
		};
		DF1C8BC02305082C00A6125A /* Constant */ = {
			isa = PBXGroup;
			children = (
				DF1C8BC12305082C00A6125A /* MQConstant.swift */,
			);
			path = Constant;
			sourceTree = "<group>";
		};
		DF1C8BC22305082C00A6125A /* Main */ = {
			isa = PBXGroup;
			children = (
				B471A00E23234DD600E38679 /* Model */,
				DF1C8BC32305082C00A6125A /* Base */,
			);
			path = Main;
			sourceTree = "<group>";
		};
		DF1C8BC32305082C00A6125A /* Base */ = {
			isa = PBXGroup;
			children = (
				DF1C8BC42305082C00A6125A /* MQTabbarController.swift */,
				DF1C8BC52305082C00A6125A /* MQBaseViewController.swift */,
				DF1C8BC62305082C00A6125A /* MQBaseNavigationViewController.swift */,
				B41F932E23E5242F00BBA11D /* MMBaseTableViewController.swift */,
			);
			path = Base;
			sourceTree = "<group>";
		};
		DF1C8BD323050E2600A6125A /* Component */ = {
			isa = PBXGroup;
			children = (
				DF1C8BD423050E4200A6125A /* MPFileManager.swift */,
			);
			path = Component;
			sourceTree = "<group>";
		};
/* End PBXGroup section */

/* Begin PBXNativeTarget section */
		B404809D230303A70040B755 /* MMPlayer */ = {
			isa = PBXNativeTarget;
			buildConfigurationList = B40480C4230303A90040B755 /* Build configuration list for PBXNativeTarget "MMPlayer" */;
			buildPhases = (
				7EA850E868BA76ACF89980B8 /* [CP] Check Pods Manifest.lock */,
				B404809A230303A70040B755 /* Sources */,
				B404809B230303A70040B755 /* Frameworks */,
				B404809C230303A70040B755 /* Resources */,
			);
			buildRules = (
			);
			dependencies = (
			);
			name = MMPlayer;
			productName = MMPlayer;
			productReference = B404809E230303A70040B755 /* MMPlayer.app */;
			productType = "com.apple.product-type.application";
		};
		B40480AF230303A90040B755 /* MMPlayerTests */ = {
			isa = PBXNativeTarget;
			buildConfigurationList = B40480C7230303A90040B755 /* Build configuration list for PBXNativeTarget "MMPlayerTests" */;
			buildPhases = (
				A93BF8B8D859F31ACA62ED0D /* [CP] Check Pods Manifest.lock */,
				B40480AC230303A90040B755 /* Sources */,
				B40480AD230303A90040B755 /* Frameworks */,
				B40480AE230303A90040B755 /* Resources */,
			);
			buildRules = (
			);
			dependencies = (
				B40480B2230303A90040B755 /* PBXTargetDependency */,
			);
			name = MMPlayerTests;
			productName = MMPlayerTests;
			productReference = B40480B0230303A90040B755 /* MMPlayerTests.xctest */;
			productType = "com.apple.product-type.bundle.unit-test";
		};
		B40480BA230303A90040B755 /* MMPlayerUITests */ = {
			isa = PBXNativeTarget;
			buildConfigurationList = B40480CA230303A90040B755 /* Build configuration list for PBXNativeTarget "MMPlayerUITests" */;
			buildPhases = (
				1F0ECD6B2D4506337FF325AF /* [CP] Check Pods Manifest.lock */,
				B40480B7230303A90040B755 /* Sources */,
				B40480B8230303A90040B755 /* Frameworks */,
				B40480B9230303A90040B755 /* Resources */,
			);
			buildRules = (
			);
			dependencies = (
				B40480BD230303A90040B755 /* PBXTargetDependency */,
			);
			name = MMPlayerUITests;
			productName = MMPlayerUITests;
			productReference = B40480BB230303A90040B755 /* MMPlayerUITests.xctest */;
			productType = "com.apple.product-type.bundle.ui-testing";
		};
/* End PBXNativeTarget section */

/* Begin PBXProject section */
		B4048096230303A70040B755 /* Project object */ = {
			isa = PBXProject;
			attributes = {
				LastSwiftUpdateCheck = 1100;
				LastUpgradeCheck = 1100;
				ORGANIZATIONNAME = Mumu;
				TargetAttributes = {
					B404809D230303A70040B755 = {
						CreatedOnToolsVersion = 11.0;
					};
					B40480AF230303A90040B755 = {
						CreatedOnToolsVersion = 11.0;
						TestTargetID = B404809D230303A70040B755;
					};
					B40480BA230303A90040B755 = {
						CreatedOnToolsVersion = 11.0;
						TestTargetID = B404809D230303A70040B755;
					};
				};
			};
			buildConfigurationList = B4048099230303A70040B755 /* Build configuration list for PBXProject "MMPlayer" */;
			compatibilityVersion = "Xcode 9.3";
			developmentRegion = en;
			hasScannedForEncodings = 0;
			knownRegions = (
				en,
				Base,
			);
			mainGroup = B4048095230303A70040B755;
			productRefGroup = B404809F230303A70040B755 /* Products */;
			projectDirPath = "";
			projectRoot = "";
			targets = (
				B404809D230303A70040B755 /* MMPlayer */,
				B40480AF230303A90040B755 /* MMPlayerTests */,
				B40480BA230303A90040B755 /* MMPlayerUITests */,
			);
		};
/* End PBXProject section */

/* Begin PBXResourcesBuildPhase section */
		B404809C230303A70040B755 /* Resources */ = {
			isa = PBXResourcesBuildPhase;
			buildActionMask = 2147483647;
			files = (
				B40480A6230303A90040B755 /* Assets.xcassets in Resources */,
				B41F933323E5360700BBA11D /* Main.storyboard in Resources */,
				B41F933523E537BF00BBA11D /* Info.plist in Resources */,
			);
			runOnlyForDeploymentPostprocessing = 0;
		};
		B40480AE230303A90040B755 /* Resources */ = {
			isa = PBXResourcesBuildPhase;
			buildActionMask = 2147483647;
			files = (
			);
			runOnlyForDeploymentPostprocessing = 0;
		};
		B40480B9230303A90040B755 /* Resources */ = {
			isa = PBXResourcesBuildPhase;
			buildActionMask = 2147483647;
			files = (
			);
			runOnlyForDeploymentPostprocessing = 0;
		};
/* End PBXResourcesBuildPhase section */

/* Begin PBXShellScriptBuildPhase section */
		1F0ECD6B2D4506337FF325AF /* [CP] Check Pods Manifest.lock */ = {
			isa = PBXShellScriptBuildPhase;
			buildActionMask = 2147483647;
			files = (
			);
			inputPaths = (
				"${PODS_PODFILE_DIR_PATH}/Podfile.lock",
				"${PODS_ROOT}/Manifest.lock",
			);
			name = "[CP] Check Pods Manifest.lock";
			outputPaths = (
				"$(DERIVED_FILE_DIR)/Pods-MMPlayerUITests-checkManifestLockResult.txt",
			);
			runOnlyForDeploymentPostprocessing = 0;
			shellPath = /bin/sh;
			shellScript = "diff \"${PODS_PODFILE_DIR_PATH}/Podfile.lock\" \"${PODS_ROOT}/Manifest.lock\" > /dev/null\nif [ $? != 0 ] ; then\n    # print error to STDERR\n    echo \"error: The sandbox is not in sync with the Podfile.lock. Run 'pod install' or update your CocoaPods installation.\" >&2\n    exit 1\nfi\n# This output is used by Xcode 'outputs' to avoid re-running this script phase.\necho \"SUCCESS\" > \"${SCRIPT_OUTPUT_FILE_0}\"\n";
			showEnvVarsInLog = 0;
		};
		7EA850E868BA76ACF89980B8 /* [CP] Check Pods Manifest.lock */ = {
			isa = PBXShellScriptBuildPhase;
			buildActionMask = 2147483647;
			files = (
			);
			inputPaths = (
				"${PODS_PODFILE_DIR_PATH}/Podfile.lock",
				"${PODS_ROOT}/Manifest.lock",
			);
			name = "[CP] Check Pods Manifest.lock";
			outputPaths = (
				"$(DERIVED_FILE_DIR)/Pods-MMPlayer-checkManifestLockResult.txt",
			);
			runOnlyForDeploymentPostprocessing = 0;
			shellPath = /bin/sh;
			shellScript = "diff \"${PODS_PODFILE_DIR_PATH}/Podfile.lock\" \"${PODS_ROOT}/Manifest.lock\" > /dev/null\nif [ $? != 0 ] ; then\n    # print error to STDERR\n    echo \"error: The sandbox is not in sync with the Podfile.lock. Run 'pod install' or update your CocoaPods installation.\" >&2\n    exit 1\nfi\n# This output is used by Xcode 'outputs' to avoid re-running this script phase.\necho \"SUCCESS\" > \"${SCRIPT_OUTPUT_FILE_0}\"\n";
			showEnvVarsInLog = 0;
		};
		A93BF8B8D859F31ACA62ED0D /* [CP] Check Pods Manifest.lock */ = {
			isa = PBXShellScriptBuildPhase;
			buildActionMask = 2147483647;
			files = (
			);
			inputPaths = (
				"${PODS_PODFILE_DIR_PATH}/Podfile.lock",
				"${PODS_ROOT}/Manifest.lock",
			);
			name = "[CP] Check Pods Manifest.lock";
			outputPaths = (
				"$(DERIVED_FILE_DIR)/Pods-MMPlayerTests-checkManifestLockResult.txt",
			);
			runOnlyForDeploymentPostprocessing = 0;
			shellPath = /bin/sh;
			shellScript = "diff \"${PODS_PODFILE_DIR_PATH}/Podfile.lock\" \"${PODS_ROOT}/Manifest.lock\" > /dev/null\nif [ $? != 0 ] ; then\n    # print error to STDERR\n    echo \"error: The sandbox is not in sync with the Podfile.lock. Run 'pod install' or update your CocoaPods installation.\" >&2\n    exit 1\nfi\n# This output is used by Xcode 'outputs' to avoid re-running this script phase.\necho \"SUCCESS\" > \"${SCRIPT_OUTPUT_FILE_0}\"\n";
			showEnvVarsInLog = 0;
		};
/* End PBXShellScriptBuildPhase section */

/* Begin PBXSourcesBuildPhase section */
		B404809A230303A70040B755 /* Sources */ = {
			isa = PBXSourcesBuildPhase;
			buildActionMask = 2147483647;
			files = (
				DF1C8BD523050E4200A6125A /* MPFileManager.swift in Sources */,
				DF1C8BC82305082C00A6125A /* UIView+Extension.swift in Sources */,
				DF1C8BD12305082C00A6125A /* MQBaseViewController.swift in Sources */,
				DF1C8BD02305082C00A6125A /* MQTabbarController.swift in Sources */,
				DF1C8BCF2305082C00A6125A /* MQConstant.swift in Sources */,
				DF1C8BC72305082C00A6125A /* UIAlert+Extension.swift in Sources */,
				DF1C8BCD2305082C00A6125A /* DispatchTime+MM_Extension.swift in Sources */,
				DF1C8BC92305082C00A6125A /* UIKit+Extension.swift in Sources */,
				DF1C8BCC2305082C00A6125A /* NSDate+MM_Extension.swift in Sources */,
				B471A01323234EA700E38679 /* MMPlayerEnum.swift in Sources */,
				DF1C8BD22305082C00A6125A /* MQBaseNavigationViewController.swift in Sources */,
				DF1C8BCA2305082C00A6125A /* UIViewController+Extension.swift in Sources */,
				B40480A2230303A70040B755 /* AppDelegate.swift in Sources */,
				B41F933123E52BFE00BBA11D /* MMHomeViewController.swift in Sources */,
				B471A01023234DF000E38679 /* MMPlayerModel.swift in Sources */,
				DF1C8BCB2305082C00A6125A /* UIColor+MM_Extension.swift in Sources */,
				DF1C8BCE2305082C00A6125A /* UIBarButtonItem+MM_Extension.swift in Sources */,
				B41F932F23E5242F00BBA11D /* MMBaseTableViewController.swift in Sources */,
			);
			runOnlyForDeploymentPostprocessing = 0;
		};
		B40480AC230303A90040B755 /* Sources */ = {
			isa = PBXSourcesBuildPhase;
			buildActionMask = 2147483647;
			files = (
				B40480B5230303A90040B755 /* MMPlayerTests.swift in Sources */,
			);
			runOnlyForDeploymentPostprocessing = 0;
		};
		B40480B7230303A90040B755 /* Sources */ = {
			isa = PBXSourcesBuildPhase;
			buildActionMask = 2147483647;
			files = (
				B40480C0230303A90040B755 /* MMPlayerUITests.swift in Sources */,
			);
			runOnlyForDeploymentPostprocessing = 0;
		};
/* End PBXSourcesBuildPhase section */

/* Begin PBXTargetDependency section */
		B40480B2230303A90040B755 /* PBXTargetDependency */ = {
			isa = PBXTargetDependency;
			target = B404809D230303A70040B755 /* MMPlayer */;
			targetProxy = B40480B1230303A90040B755 /* PBXContainerItemProxy */;
		};
		B40480BD230303A90040B755 /* PBXTargetDependency */ = {
			isa = PBXTargetDependency;
			target = B404809D230303A70040B755 /* MMPlayer */;
			targetProxy = B40480BC230303A90040B755 /* PBXContainerItemProxy */;
		};
/* End PBXTargetDependency section */

/* Begin XCBuildConfiguration section */
		B40480C2230303A90040B755 /* Debug */ = {
			isa = XCBuildConfiguration;
			buildSettings = {
				ALWAYS_SEARCH_USER_PATHS = NO;
				CLANG_ANALYZER_NONNULL = YES;
				CLANG_ANALYZER_NUMBER_OBJECT_CONVERSION = YES_AGGRESSIVE;
				CLANG_CXX_LANGUAGE_STANDARD = "gnu++14";
				CLANG_CXX_LIBRARY = "libc++";
				CLANG_ENABLE_MODULES = YES;
				CLANG_ENABLE_OBJC_ARC = YES;
				CLANG_ENABLE_OBJC_WEAK = YES;
				CLANG_WARN_BLOCK_CAPTURE_AUTORELEASING = YES;
				CLANG_WARN_BOOL_CONVERSION = YES;
				CLANG_WARN_COMMA = YES;
				CLANG_WARN_CONSTANT_CONVERSION = YES;
				CLANG_WARN_DEPRECATED_OBJC_IMPLEMENTATIONS = YES;
				CLANG_WARN_DIRECT_OBJC_ISA_USAGE = YES_ERROR;
				CLANG_WARN_DOCUMENTATION_COMMENTS = YES;
				CLANG_WARN_EMPTY_BODY = YES;
				CLANG_WARN_ENUM_CONVERSION = YES;
				CLANG_WARN_INFINITE_RECURSION = YES;
				CLANG_WARN_INT_CONVERSION = YES;
				CLANG_WARN_NON_LITERAL_NULL_CONVERSION = YES;
				CLANG_WARN_OBJC_IMPLICIT_RETAIN_SELF = YES;
				CLANG_WARN_OBJC_LITERAL_CONVERSION = YES;
				CLANG_WARN_OBJC_ROOT_CLASS = YES_ERROR;
				CLANG_WARN_RANGE_LOOP_ANALYSIS = YES;
				CLANG_WARN_STRICT_PROTOTYPES = YES;
				CLANG_WARN_SUSPICIOUS_MOVE = YES;
				CLANG_WARN_UNGUARDED_AVAILABILITY = YES_AGGRESSIVE;
				CLANG_WARN_UNREACHABLE_CODE = YES;
				CLANG_WARN__DUPLICATE_METHOD_MATCH = YES;
				COPY_PHASE_STRIP = NO;
				DEBUG_INFORMATION_FORMAT = dwarf;
				ENABLE_STRICT_OBJC_MSGSEND = YES;
				ENABLE_TESTABILITY = YES;
				GCC_C_LANGUAGE_STANDARD = gnu11;
				GCC_DYNAMIC_NO_PIC = NO;
				GCC_NO_COMMON_BLOCKS = YES;
				GCC_OPTIMIZATION_LEVEL = 0;
				GCC_PREPROCESSOR_DEFINITIONS = (
					"DEBUG=1",
					"$(inherited)",
				);
				GCC_WARN_64_TO_32_BIT_CONVERSION = YES;
				GCC_WARN_ABOUT_RETURN_TYPE = YES_ERROR;
				GCC_WARN_UNDECLARED_SELECTOR = YES;
				GCC_WARN_UNINITIALIZED_AUTOS = YES_AGGRESSIVE;
				GCC_WARN_UNUSED_FUNCTION = YES;
				GCC_WARN_UNUSED_VARIABLE = YES;
				IPHONEOS_DEPLOYMENT_TARGET = 9.0;
				MACOSX_DEPLOYMENT_TARGET = 10.14;
				MTL_ENABLE_DEBUG_INFO = INCLUDE_SOURCE;
				MTL_FAST_MATH = YES;
				ONLY_ACTIVE_ARCH = YES;
				SDKROOT = iphoneos;
				SWIFT_ACTIVE_COMPILATION_CONDITIONS = DEBUG;
				SWIFT_OPTIMIZATION_LEVEL = "-Onone";
			};
			name = Debug;
		};
		B40480C3230303A90040B755 /* Release */ = {
			isa = XCBuildConfiguration;
			buildSettings = {
				ALWAYS_SEARCH_USER_PATHS = NO;
				CLANG_ANALYZER_NONNULL = YES;
				CLANG_ANALYZER_NUMBER_OBJECT_CONVERSION = YES_AGGRESSIVE;
				CLANG_CXX_LANGUAGE_STANDARD = "gnu++14";
				CLANG_CXX_LIBRARY = "libc++";
				CLANG_ENABLE_MODULES = YES;
				CLANG_ENABLE_OBJC_ARC = YES;
				CLANG_ENABLE_OBJC_WEAK = YES;
				CLANG_WARN_BLOCK_CAPTURE_AUTORELEASING = YES;
				CLANG_WARN_BOOL_CONVERSION = YES;
				CLANG_WARN_COMMA = YES;
				CLANG_WARN_CONSTANT_CONVERSION = YES;
				CLANG_WARN_DEPRECATED_OBJC_IMPLEMENTATIONS = YES;
				CLANG_WARN_DIRECT_OBJC_ISA_USAGE = YES_ERROR;
				CLANG_WARN_DOCUMENTATION_COMMENTS = YES;
				CLANG_WARN_EMPTY_BODY = YES;
				CLANG_WARN_ENUM_CONVERSION = YES;
				CLANG_WARN_INFINITE_RECURSION = YES;
				CLANG_WARN_INT_CONVERSION = YES;
				CLANG_WARN_NON_LITERAL_NULL_CONVERSION = YES;
				CLANG_WARN_OBJC_IMPLICIT_RETAIN_SELF = YES;
				CLANG_WARN_OBJC_LITERAL_CONVERSION = YES;
				CLANG_WARN_OBJC_ROOT_CLASS = YES_ERROR;
				CLANG_WARN_RANGE_LOOP_ANALYSIS = YES;
				CLANG_WARN_STRICT_PROTOTYPES = YES;
				CLANG_WARN_SUSPICIOUS_MOVE = YES;
				CLANG_WARN_UNGUARDED_AVAILABILITY = YES_AGGRESSIVE;
				CLANG_WARN_UNREACHABLE_CODE = YES;
				CLANG_WARN__DUPLICATE_METHOD_MATCH = YES;
				COPY_PHASE_STRIP = NO;
				DEBUG_INFORMATION_FORMAT = "dwarf-with-dsym";
				ENABLE_NS_ASSERTIONS = NO;
				ENABLE_STRICT_OBJC_MSGSEND = YES;
				GCC_C_LANGUAGE_STANDARD = gnu11;
				GCC_NO_COMMON_BLOCKS = YES;
				GCC_WARN_64_TO_32_BIT_CONVERSION = YES;
				GCC_WARN_ABOUT_RETURN_TYPE = YES_ERROR;
				GCC_WARN_UNDECLARED_SELECTOR = YES;
				GCC_WARN_UNINITIALIZED_AUTOS = YES_AGGRESSIVE;
				GCC_WARN_UNUSED_FUNCTION = YES;
				GCC_WARN_UNUSED_VARIABLE = YES;
				IPHONEOS_DEPLOYMENT_TARGET = 9.0;
				MACOSX_DEPLOYMENT_TARGET = 10.14;
				MTL_ENABLE_DEBUG_INFO = NO;
				MTL_FAST_MATH = YES;
				SDKROOT = iphoneos;
				SWIFT_COMPILATION_MODE = wholemodule;
				SWIFT_OPTIMIZATION_LEVEL = "-O";
			};
			name = Release;
		};
		B40480C5230303A90040B755 /* Debug */ = {
			isa = XCBuildConfiguration;
			baseConfigurationReference = 393BAD51E78DB8BF987E8515 /* Pods-MMPlayer.debug.xcconfig */;
			buildSettings = {
				ASSETCATALOG_COMPILER_APPICON_NAME = AppIcon;
				CODE_SIGN_ENTITLEMENTS = MMPlayer/MMPlayer.entitlements;
				CODE_SIGN_STYLE = Automatic;
				COMBINE_HIDPI_IMAGES = YES;
				INFOPLIST_FILE = MMPlayer/Info.plist;
				LD_RUNPATH_SEARCH_PATHS = (
					"$(inherited)",
					"@executable_path/../Frameworks",
				);
				PRODUCT_BUNDLE_IDENTIFIER = com.mm.CoreTextDemo.MMPlayer;
				PRODUCT_NAME = "$(TARGET_NAME)";
				SWIFT_VERSION = 5.0;
			};
			name = Debug;
		};
		B40480C6230303A90040B755 /* Release */ = {
			isa = XCBuildConfiguration;
			baseConfigurationReference = 1C85EBF07D0C671BED1557E5 /* Pods-MMPlayer.release.xcconfig */;
			buildSettings = {
				ASSETCATALOG_COMPILER_APPICON_NAME = AppIcon;
				CODE_SIGN_ENTITLEMENTS = MMPlayer/MMPlayer.entitlements;
				CODE_SIGN_STYLE = Automatic;
				COMBINE_HIDPI_IMAGES = YES;
				INFOPLIST_FILE = MMPlayer/Info.plist;
				LD_RUNPATH_SEARCH_PATHS = (
					"$(inherited)",
					"@executable_path/../Frameworks",
				);
				PRODUCT_BUNDLE_IDENTIFIER = com.mm.CoreTextDemo.MMPlayer;
				PRODUCT_NAME = "$(TARGET_NAME)";
				SWIFT_VERSION = 5.0;
			};
			name = Release;
		};
		B40480C8230303A90040B755 /* Debug */ = {
			isa = XCBuildConfiguration;
			baseConfigurationReference = 933772F1AB1F5C5F0615EC25 /* Pods-MMPlayerTests.debug.xcconfig */;
			buildSettings = {
				ALWAYS_EMBED_SWIFT_STANDARD_LIBRARIES = YES;
				BUNDLE_LOADER = "$(TEST_HOST)";
				CODE_SIGN_STYLE = Automatic;
				COMBINE_HIDPI_IMAGES = YES;
				INFOPLIST_FILE = MMPlayerTests/Info.plist;
				LD_RUNPATH_SEARCH_PATHS = (
					"$(inherited)",
					"@executable_path/../Frameworks",
					"@loader_path/../Frameworks",
				);
				PRODUCT_BUNDLE_IDENTIFIER = com.mm.CoreTextDemo.MMPlayerTests;
				PRODUCT_NAME = "$(TARGET_NAME)";
				SWIFT_VERSION = 5.0;
				TEST_HOST = "$(BUILT_PRODUCTS_DIR)/MMPlayer.app/Contents/MacOS/MMPlayer";
			};
			name = Debug;
		};
		B40480C9230303A90040B755 /* Release */ = {
			isa = XCBuildConfiguration;
			baseConfigurationReference = D771EB70F649CEFDD0F50A00 /* Pods-MMPlayerTests.release.xcconfig */;
			buildSettings = {
				ALWAYS_EMBED_SWIFT_STANDARD_LIBRARIES = YES;
				BUNDLE_LOADER = "$(TEST_HOST)";
				CODE_SIGN_STYLE = Automatic;
				COMBINE_HIDPI_IMAGES = YES;
				INFOPLIST_FILE = MMPlayerTests/Info.plist;
				LD_RUNPATH_SEARCH_PATHS = (
					"$(inherited)",
					"@executable_path/../Frameworks",
					"@loader_path/../Frameworks",
				);
				PRODUCT_BUNDLE_IDENTIFIER = com.mm.CoreTextDemo.MMPlayerTests;
				PRODUCT_NAME = "$(TARGET_NAME)";
				SWIFT_VERSION = 5.0;
				TEST_HOST = "$(BUILT_PRODUCTS_DIR)/MMPlayer.app/Contents/MacOS/MMPlayer";
			};
			name = Release;
		};
		B40480CB230303A90040B755 /* Debug */ = {
			isa = XCBuildConfiguration;
			baseConfigurationReference = C475C4304073614586C34B79 /* Pods-MMPlayerUITests.debug.xcconfig */;
			buildSettings = {
				ALWAYS_EMBED_SWIFT_STANDARD_LIBRARIES = YES;
				CODE_SIGN_STYLE = Automatic;
				COMBINE_HIDPI_IMAGES = YES;
				INFOPLIST_FILE = MMPlayerUITests/Info.plist;
				LD_RUNPATH_SEARCH_PATHS = (
					"$(inherited)",
					"@executable_path/../Frameworks",
					"@loader_path/../Frameworks",
				);
				PRODUCT_BUNDLE_IDENTIFIER = com.mm.CoreTextDemo.MMPlayerUITests;
				PRODUCT_NAME = "$(TARGET_NAME)";
				SWIFT_VERSION = 5.0;
				TEST_TARGET_NAME = MMPlayer;
			};
			name = Debug;
		};
		B40480CC230303A90040B755 /* Release */ = {
			isa = XCBuildConfiguration;
			baseConfigurationReference = BD4636E9DEE43B66BFA161CA /* Pods-MMPlayerUITests.release.xcconfig */;
			buildSettings = {
				ALWAYS_EMBED_SWIFT_STANDARD_LIBRARIES = YES;
				CODE_SIGN_STYLE = Automatic;
				COMBINE_HIDPI_IMAGES = YES;
				INFOPLIST_FILE = MMPlayerUITests/Info.plist;
				LD_RUNPATH_SEARCH_PATHS = (
					"$(inherited)",
					"@executable_path/../Frameworks",
					"@loader_path/../Frameworks",
				);
				PRODUCT_BUNDLE_IDENTIFIER = com.mm.CoreTextDemo.MMPlayerUITests;
				PRODUCT_NAME = "$(TARGET_NAME)";
				SWIFT_VERSION = 5.0;
				TEST_TARGET_NAME = MMPlayer;
			};
			name = Release;
		};
/* End XCBuildConfiguration section */

/* Begin XCConfigurationList section */
		B4048099230303A70040B755 /* Build configuration list for PBXProject "MMPlayer" */ = {
			isa = XCConfigurationList;
			buildConfigurations = (
				B40480C2230303A90040B755 /* Debug */,
				B40480C3230303A90040B755 /* Release */,
			);
			defaultConfigurationIsVisible = 0;
			defaultConfigurationName = Release;
		};
		B40480C4230303A90040B755 /* Build configuration list for PBXNativeTarget "MMPlayer" */ = {
			isa = XCConfigurationList;
			buildConfigurations = (
				B40480C5230303A90040B755 /* Debug */,
				B40480C6230303A90040B755 /* Release */,
			);
			defaultConfigurationIsVisible = 0;
			defaultConfigurationName = Release;
		};
		B40480C7230303A90040B755 /* Build configuration list for PBXNativeTarget "MMPlayerTests" */ = {
			isa = XCConfigurationList;
			buildConfigurations = (
				B40480C8230303A90040B755 /* Debug */,
				B40480C9230303A90040B755 /* Release */,
			);
			defaultConfigurationIsVisible = 0;
			defaultConfigurationName = Release;
		};
		B40480CA230303A90040B755 /* Build configuration list for PBXNativeTarget "MMPlayerUITests" */ = {
			isa = XCConfigurationList;
			buildConfigurations = (
				B40480CB230303A90040B755 /* Debug */,
				B40480CC230303A90040B755 /* Release */,
			);
			defaultConfigurationIsVisible = 0;
			defaultConfigurationName = Release;
		};
/* End XCConfigurationList section */
	};
	rootObject = B4048096230303A70040B755 /* Project object */;
}
